Microsoft Visual Studio Solution File, Format Version 12.00
# Visual Studio Version 17
VisualStudioVersion = 17.5.2.0
MinimumVisualStudioVersion = 10.0.40219.1
Project("{FAE04EC0-301F-11D3-BF4B-00C04F79EFBC}") = "TBoGV", "TBoGV.csproj", "{0E5DC6C6-5598-7617-5FF3-5C58585019C8}"
EndProject
Global
	GlobalSection(SolutionConfigurationPlatforms) = preSolution
		Debug|Any CPU = Debug|Any CPU
		Release|Any CPU = Release|Any CPU
	EndGlobalSection
	GlobalSection(ProjectConfigurationPlatforms) = postSolution
		{0E5DC6C6-5598-7617-5FF3-5C58585019C8}.Debug|Any CPU.ActiveCfg = Debug|Any CPU
		{0E5DC6C6-5598-7617-5FF3-5C58585019C8}.Debug|Any CPU.Build.0 = Debug|Any CPU
		{0E5DC6C6-5598-7617-5FF3-5C58585019C8}.Release|Any CPU.ActiveCfg = Release|Any CPU
		{0E5DC6C6-5598-7617-5FF3-5C58585019C8}.Release|Any CPU.Build.0 = Release|Any CPU
	EndGlobalSection
	GlobalSection(SolutionProperties) = preSolution
		HideSolutionNode = FALSE
	EndGlobalSection
	GlobalSection(ExtensibilityGlobals) = postSolution
		SolutionGuid = {435CC5AB-1062-45E6-8913-7A6B616A7A6A}
	EndGlobalSection
EndGlobal
